{
    "version": 3,
    "terraform_version": "0.11.2",
    "serial": 3,
    "lineage": "7a02ec3c-40bd-4e5a-b429-4ba510dcb0c4",
    "modules": [
        {
            "path": [
                "root"
            ],
            "outputs": {
                "master_ip_address": {
                    "sensitive": false,
                    "type": "string",
                    "value": "13.65.43.196"
                },
                "master_ssh_command": {
                    "sensitive": false,
                    "type": "string",
                    "value": "ssh sparkuser@13.65.43.196"
                },
                "master_web_ui_public_ip": {
                    "sensitive": false,
                    "type": "string",
                    "value": "13.65.43.196:8080"
                },
                "resource_group": {
                    "sensitive": false,
                    "type": "string",
                    "value": "sparkdemo"
                },
                "slave_ip_address": {
                    "sensitive": false,
                    "type": "list",
                    "value": [
                        "40.74.226.177",
                        "13.65.42.220"
                    ]
                }
            },
            "resources": {
                "azurerm_availability_set.slave": {
                    "type": "azurerm_availability_set",
                    "depends_on": [
                        "azurerm_resource_group.rg"
                    ],
                    "primary": {
                        "id": "/subscriptions/bfc354ee-7eef-4a2c-9455-958c92cbef48/resourceGroups/sparkdemo/providers/Microsoft.Compute/availabilitySets/availability-slave",
                        "attributes": {
                            "id": "/subscriptions/bfc354ee-7eef-4a2c-9455-958c92cbef48/resourceGroups/sparkdemo/providers/Microsoft.Compute/availabilitySets/availability-slave",
                            "location": "southcentralus",
                            "managed": "false",
                            "name": "availability-slave",
                            "platform_fault_domain_count": "2",
                            "platform_update_domain_count": "5",
                            "resource_group_name": "sparkdemo",
                            "tags.%": "4",
                            "tags.environment": "demo",
                            "tags.name": "availability-slave",
                            "tags.purpose": "availability-slave",
                            "tags.technical_owner": "devops"
                        },
                        "meta": {},
                        "tainted": false
                    },
                    "deposed": [],
                    "provider": "provider.azurerm"
                },
                "azurerm_network_interface.master": {
                    "type": "azurerm_network_interface",
                    "depends_on": [
                        "azurerm_network_security_group.master",
                        "azurerm_public_ip.master",
                        "azurerm_resource_group.rg",
                        "azurerm_subnet.master",
                        "azurerm_virtual_network.spark"
                    ],
                    "primary": {
                        "id": "/subscriptions/bfc354ee-7eef-4a2c-9455-958c92cbef48/resourceGroups/sparkdemo/providers/Microsoft.Network/networkInterfaces/nic-master",
                        "attributes": {
                            "applied_dns_servers.#": "0",
                            "dns_servers.#": "0",
                            "enable_accelerated_networking": "false",
                            "enable_ip_forwarding": "false",
                            "id": "/subscriptions/bfc354ee-7eef-4a2c-9455-958c92cbef48/resourceGroups/sparkdemo/providers/Microsoft.Network/networkInterfaces/nic-master",
                            "internal_dns_name_label": "",
                            "internal_fqdn": "",
                            "ip_configuration.#": "1",
                            "ip_configuration.0.application_gateway_backend_address_pools_ids.#": "0",
                            "ip_configuration.0.application_security_group_ids.#": "0",
                            "ip_configuration.0.load_balancer_backend_address_pools_ids.#": "0",
                            "ip_configuration.0.load_balancer_inbound_nat_rules_ids.#": "0",
                            "ip_configuration.0.name": "ipconfig1",
                            "ip_configuration.0.primary": "true",
                            "ip_configuration.0.private_ip_address": "10.0.0.5",
                            "ip_configuration.0.private_ip_address_allocation": "static",
                            "ip_configuration.0.private_ip_address_version": "IPv4",
                            "ip_configuration.0.public_ip_address_id": "/subscriptions/bfc354ee-7eef-4a2c-9455-958c92cbef48/resourceGroups/sparkdemo/providers/Microsoft.Network/publicIPAddresses/public-ip-master",
                            "ip_configuration.0.subnet_id": "/subscriptions/bfc354ee-7eef-4a2c-9455-958c92cbef48/resourceGroups/sparkdemo/providers/Microsoft.Network/virtualNetworks/vnet-spark/subnets/sparkmaster",
                            "location": "southcentralus",
                            "mac_address": "",
                            "name": "nic-master",
                            "network_security_group_id": "/subscriptions/bfc354ee-7eef-4a2c-9455-958c92cbef48/resourceGroups/sparkdemo/providers/Microsoft.Network/networkSecurityGroups/nsg-spark-master",
                            "private_ip_address": "10.0.0.5",
                            "private_ip_addresses.#": "1",
                            "private_ip_addresses.0": "10.0.0.5",
                            "resource_group_name": "sparkdemo",
                            "tags.%": "4",
                            "tags.environment": "demo",
                            "tags.name": "nic-master",
                            "tags.purpose": "nic-master",
                            "tags.technical_owner": "devops"
                        },
                        "meta": {},
                        "tainted": false
                    },
                    "deposed": [],
                    "provider": "provider.azurerm"
                },
                "azurerm_network_interface.slave.0": {
                    "type": "azurerm_network_interface",
                    "depends_on": [
                        "azurerm_network_security_group.slave",
                        "azurerm_public_ip.slave",
                        "azurerm_public_ip.slave.*",
                        "azurerm_resource_group.rg",
                        "azurerm_subnet.slave",
                        "azurerm_virtual_network.spark"
                    ],
                    "primary": {
                        "id": "/subscriptions/bfc354ee-7eef-4a2c-9455-958c92cbef48/resourceGroups/sparkdemo/providers/Microsoft.Network/networkInterfaces/nic-slave-0",
                        "attributes": {
                            "applied_dns_servers.#": "0",
                            "dns_servers.#": "0",
                            "enable_accelerated_networking": "false",
                            "enable_ip_forwarding": "false",
                            "id": "/subscriptions/bfc354ee-7eef-4a2c-9455-958c92cbef48/resourceGroups/sparkdemo/providers/Microsoft.Network/networkInterfaces/nic-slave-0",
                            "internal_dns_name_label": "",
                            "internal_fqdn": "",
                            "ip_configuration.#": "1",
                            "ip_configuration.0.application_gateway_backend_address_pools_ids.#": "0",
                            "ip_configuration.0.application_security_group_ids.#": "0",
                            "ip_configuration.0.load_balancer_backend_address_pools_ids.#": "0",
                            "ip_configuration.0.load_balancer_inbound_nat_rules_ids.#": "0",
                            "ip_configuration.0.name": "ipconfig1",
                            "ip_configuration.0.primary": "true",
                            "ip_configuration.0.private_ip_address": "10.0.1.5",
                            "ip_configuration.0.private_ip_address_allocation": "static",
                            "ip_configuration.0.private_ip_address_version": "IPv4",
                            "ip_configuration.0.public_ip_address_id": "/subscriptions/bfc354ee-7eef-4a2c-9455-958c92cbef48/resourceGroups/sparkdemo/providers/Microsoft.Network/publicIPAddresses/public-ip-slave-0",
                            "ip_configuration.0.subnet_id": "/subscriptions/bfc354ee-7eef-4a2c-9455-958c92cbef48/resourceGroups/sparkdemo/providers/Microsoft.Network/virtualNetworks/vnet-spark/subnets/sparkslaves",
                            "location": "southcentralus",
                            "mac_address": "",
                            "name": "nic-slave-0",
                            "network_security_group_id": "/subscriptions/bfc354ee-7eef-4a2c-9455-958c92cbef48/resourceGroups/sparkdemo/providers/Microsoft.Network/networkSecurityGroups/nsg-spark-slave",
                            "private_ip_address": "10.0.1.5",
                            "private_ip_addresses.#": "1",
                            "private_ip_addresses.0": "10.0.1.5",
                            "resource_group_name": "sparkdemo",
                            "tags.%": "4",
                            "tags.environment": "demo",
                            "tags.name": "nic-slave-0",
                            "tags.purpose": "nic-slave-0",
                            "tags.technical_owner": "devops"
                        },
                        "meta": {},
                        "tainted": false
                    },
                    "deposed": [],
                    "provider": "provider.azurerm"
                },
                "azurerm_network_interface.slave.1": {
                    "type": "azurerm_network_interface",
                    "depends_on": [
                        "azurerm_network_security_group.slave",
                        "azurerm_public_ip.slave",
                        "azurerm_public_ip.slave.*",
                        "azurerm_resource_group.rg",
                        "azurerm_subnet.slave",
                        "azurerm_virtual_network.spark"
                    ],
                    "primary": {
                        "id": "/subscriptions/bfc354ee-7eef-4a2c-9455-958c92cbef48/resourceGroups/sparkdemo/providers/Microsoft.Network/networkInterfaces/nic-slave-1",
                        "attributes": {
                            "applied_dns_servers.#": "0",
                            "dns_servers.#": "0",
                            "enable_accelerated_networking": "false",
                            "enable_ip_forwarding": "false",
                            "id": "/subscriptions/bfc354ee-7eef-4a2c-9455-958c92cbef48/resourceGroups/sparkdemo/providers/Microsoft.Network/networkInterfaces/nic-slave-1",
                            "internal_dns_name_label": "",
                            "internal_fqdn": "",
                            "ip_configuration.#": "1",
                            "ip_configuration.0.application_gateway_backend_address_pools_ids.#": "0",
                            "ip_configuration.0.application_security_group_ids.#": "0",
                            "ip_configuration.0.load_balancer_backend_address_pools_ids.#": "0",
                            "ip_configuration.0.load_balancer_inbound_nat_rules_ids.#": "0",
                            "ip_configuration.0.name": "ipconfig1",
                            "ip_configuration.0.primary": "true",
                            "ip_configuration.0.private_ip_address": "10.0.1.6",
                            "ip_configuration.0.private_ip_address_allocation": "static",
                            "ip_configuration.0.private_ip_address_version": "IPv4",
                            "ip_configuration.0.public_ip_address_id": "/subscriptions/bfc354ee-7eef-4a2c-9455-958c92cbef48/resourceGroups/sparkdemo/providers/Microsoft.Network/publicIPAddresses/public-ip-slave-1",
                            "ip_configuration.0.subnet_id": "/subscriptions/bfc354ee-7eef-4a2c-9455-958c92cbef48/resourceGroups/sparkdemo/providers/Microsoft.Network/virtualNetworks/vnet-spark/subnets/sparkslaves",
                            "location": "southcentralus",
                            "mac_address": "",
                            "name": "nic-slave-1",
                            "network_security_group_id": "/subscriptions/bfc354ee-7eef-4a2c-9455-958c92cbef48/resourceGroups/sparkdemo/providers/Microsoft.Network/networkSecurityGroups/nsg-spark-slave",
                            "private_ip_address": "10.0.1.6",
                            "private_ip_addresses.#": "1",
                            "private_ip_addresses.0": "10.0.1.6",
                            "resource_group_name": "sparkdemo",
                            "tags.%": "4",
                            "tags.environment": "demo",
                            "tags.name": "nic-slave-1",
                            "tags.purpose": "nic-slave-1",
                            "tags.technical_owner": "devops"
                        },
                        "meta": {},
                        "tainted": false
                    },
                    "deposed": [],
                    "provider": "provider.azurerm"
                },
                "azurerm_network_security_group.master": {
                    "type": "azurerm_network_security_group",
                    "depends_on": [
                        "azurerm_resource_group.rg"
                    ],
                    "primary": {
                        "id": "/subscriptions/bfc354ee-7eef-4a2c-9455-958c92cbef48/resourceGroups/sparkdemo/providers/Microsoft.Network/networkSecurityGroups/nsg-spark-master",
                        "attributes": {
                            "id": "/subscriptions/bfc354ee-7eef-4a2c-9455-958c92cbef48/resourceGroups/sparkdemo/providers/Microsoft.Network/networkSecurityGroups/nsg-spark-master",
                            "location": "southcentralus",
                            "name": "nsg-spark-master",
                            "resource_group_name": "sparkdemo",
                            "security_rule.#": "3",
                            "security_rule.3095651553.access": "Allow",
                            "security_rule.3095651553.description": "Allow REST API Access to Spark",
                            "security_rule.3095651553.destination_address_prefix": "*",
                            "security_rule.3095651553.destination_address_prefixes.#": "0",
                            "security_rule.3095651553.destination_application_security_group_ids.#": "0",
                            "security_rule.3095651553.destination_port_range": "6066",
                            "security_rule.3095651553.destination_port_ranges.#": "0",
                            "security_rule.3095651553.direction": "Inbound",
                            "security_rule.3095651553.name": "http_rest_spark",
                            "security_rule.3095651553.priority": "102",
                            "security_rule.3095651553.protocol": "Tcp",
                            "security_rule.3095651553.source_address_prefix": "Internet",
                            "security_rule.3095651553.source_address_prefixes.#": "0",
                            "security_rule.3095651553.source_application_security_group_ids.#": "0",
                            "security_rule.3095651553.source_port_range": "*",
                            "security_rule.3095651553.source_port_ranges.#": "0",
                            "security_rule.3331972179.access": "Allow",
                            "security_rule.3331972179.description": "Allow SSH",
                            "security_rule.3331972179.destination_address_prefix": "*",
                            "security_rule.3331972179.destination_address_prefixes.#": "0",
                            "security_rule.3331972179.destination_application_security_group_ids.#": "0",
                            "security_rule.3331972179.destination_port_range": "22",
                            "security_rule.3331972179.destination_port_ranges.#": "0",
                            "security_rule.3331972179.direction": "Inbound",
                            "security_rule.3331972179.name": "ssh",
                            "security_rule.3331972179.priority": "100",
                            "security_rule.3331972179.protocol": "Tcp",
                            "security_rule.3331972179.source_address_prefix": "Internet",
                            "security_rule.3331972179.source_address_prefixes.#": "0",
                            "security_rule.3331972179.source_application_security_group_ids.#": "0",
                            "security_rule.3331972179.source_port_range": "*",
                            "security_rule.3331972179.source_port_ranges.#": "0",
                            "security_rule.4082636952.access": "Allow",
                            "security_rule.4082636952.description": "Allow Web UI Access to Spark",
                            "security_rule.4082636952.destination_address_prefix": "*",
                            "security_rule.4082636952.destination_address_prefixes.#": "0",
                            "security_rule.4082636952.destination_application_security_group_ids.#": "0",
                            "security_rule.4082636952.destination_port_range": "8080",
                            "security_rule.4082636952.destination_port_ranges.#": "0",
                            "security_rule.4082636952.direction": "Inbound",
                            "security_rule.4082636952.name": "http_webui_spark",
                            "security_rule.4082636952.priority": "101",
                            "security_rule.4082636952.protocol": "Tcp",
                            "security_rule.4082636952.source_address_prefix": "Internet",
                            "security_rule.4082636952.source_address_prefixes.#": "0",
                            "security_rule.4082636952.source_application_security_group_ids.#": "0",
                            "security_rule.4082636952.source_port_range": "*",
                            "security_rule.4082636952.source_port_ranges.#": "0",
                            "tags.%": "4",
                            "tags.environment": "demo",
                            "tags.name": "nsg-spark-master",
                            "tags.purpose": "nsg-spark-master",
                            "tags.technical_owner": "devops"
                        },
                        "meta": {},
                        "tainted": false
                    },
                    "deposed": [],
                    "provider": "provider.azurerm"
                },
                "azurerm_network_security_group.slave": {
                    "type": "azurerm_network_security_group",
                    "depends_on": [
                        "azurerm_resource_group.rg"
                    ],
                    "primary": {
                        "id": "/subscriptions/bfc354ee-7eef-4a2c-9455-958c92cbef48/resourceGroups/sparkdemo/providers/Microsoft.Network/networkSecurityGroups/nsg-spark-slave",
                        "attributes": {
                            "id": "/subscriptions/bfc354ee-7eef-4a2c-9455-958c92cbef48/resourceGroups/sparkdemo/providers/Microsoft.Network/networkSecurityGroups/nsg-spark-slave",
                            "location": "southcentralus",
                            "name": "nsg-spark-slave",
                            "resource_group_name": "sparkdemo",
                            "security_rule.#": "1",
                            "security_rule.3331972179.access": "Allow",
                            "security_rule.3331972179.description": "Allow SSH",
                            "security_rule.3331972179.destination_address_prefix": "*",
                            "security_rule.3331972179.destination_address_prefixes.#": "0",
                            "security_rule.3331972179.destination_application_security_group_ids.#": "0",
                            "security_rule.3331972179.destination_port_range": "22",
                            "security_rule.3331972179.destination_port_ranges.#": "0",
                            "security_rule.3331972179.direction": "Inbound",
                            "security_rule.3331972179.name": "ssh",
                            "security_rule.3331972179.priority": "100",
                            "security_rule.3331972179.protocol": "Tcp",
                            "security_rule.3331972179.source_address_prefix": "Internet",
                            "security_rule.3331972179.source_address_prefixes.#": "0",
                            "security_rule.3331972179.source_application_security_group_ids.#": "0",
                            "security_rule.3331972179.source_port_range": "*",
                            "security_rule.3331972179.source_port_ranges.#": "0",
                            "tags.%": "4",
                            "tags.environment": "demo",
                            "tags.name": "nsg-spark-slave",
                            "tags.purpose": "nsg-spark-slave",
                            "tags.technical_owner": "devops"
                        },
                        "meta": {},
                        "tainted": false
                    },
                    "deposed": [],
                    "provider": "provider.azurerm"
                },
                "azurerm_public_ip.master": {
                    "type": "azurerm_public_ip",
                    "depends_on": [
                        "azurerm_resource_group.rg"
                    ],
                    "primary": {
                        "id": "/subscriptions/bfc354ee-7eef-4a2c-9455-958c92cbef48/resourceGroups/sparkdemo/providers/Microsoft.Network/publicIPAddresses/public-ip-master",
                        "attributes": {
                            "allocation_method": "Static",
                            "id": "/subscriptions/bfc354ee-7eef-4a2c-9455-958c92cbef48/resourceGroups/sparkdemo/providers/Microsoft.Network/publicIPAddresses/public-ip-master",
                            "idle_timeout_in_minutes": "4",
                            "ip_address": "13.65.43.196",
                            "ip_version": "IPv4",
                            "location": "southcentralus",
                            "name": "public-ip-master",
                            "public_ip_address_allocation": "Static",
                            "resource_group_name": "sparkdemo",
                            "sku": "Basic",
                            "tags.%": "4",
                            "tags.environment": "demo",
                            "tags.name": "public-ip-master",
                            "tags.purpose": "public-ip-master",
                            "tags.technical_owner": "devops",
                            "zones.#": "0"
                        },
                        "meta": {},
                        "tainted": false
                    },
                    "deposed": [],
                    "provider": "provider.azurerm"
                },
                "azurerm_public_ip.slave.0": {
                    "type": "azurerm_public_ip",
                    "depends_on": [
                        "azurerm_resource_group.rg"
                    ],
                    "primary": {
                        "id": "/subscriptions/bfc354ee-7eef-4a2c-9455-958c92cbef48/resourceGroups/sparkdemo/providers/Microsoft.Network/publicIPAddresses/public-ip-slave-0",
                        "attributes": {
                            "allocation_method": "Static",
                            "id": "/subscriptions/bfc354ee-7eef-4a2c-9455-958c92cbef48/resourceGroups/sparkdemo/providers/Microsoft.Network/publicIPAddresses/public-ip-slave-0",
                            "idle_timeout_in_minutes": "4",
                            "ip_address": "40.74.226.177",
                            "ip_version": "IPv4",
                            "location": "southcentralus",
                            "name": "public-ip-slave-0",
                            "public_ip_address_allocation": "Static",
                            "resource_group_name": "sparkdemo",
                            "sku": "Basic",
                            "tags.%": "4",
                            "tags.environment": "demo",
                            "tags.name": "public-ip-slave-0",
                            "tags.purpose": "public-ip-slave-0",
                            "tags.technical_owner": "devops",
                            "zones.#": "0"
                        },
                        "meta": {},
                        "tainted": false
                    },
                    "deposed": [],
                    "provider": "provider.azurerm"
                },
                "azurerm_public_ip.slave.1": {
                    "type": "azurerm_public_ip",
                    "depends_on": [
                        "azurerm_resource_group.rg"
                    ],
                    "primary": {
                        "id": "/subscriptions/bfc354ee-7eef-4a2c-9455-958c92cbef48/resourceGroups/sparkdemo/providers/Microsoft.Network/publicIPAddresses/public-ip-slave-1",
                        "attributes": {
                            "allocation_method": "Static",
                            "id": "/subscriptions/bfc354ee-7eef-4a2c-9455-958c92cbef48/resourceGroups/sparkdemo/providers/Microsoft.Network/publicIPAddresses/public-ip-slave-1",
                            "idle_timeout_in_minutes": "4",
                            "ip_address": "13.65.42.220",
                            "ip_version": "IPv4",
                            "location": "southcentralus",
                            "name": "public-ip-slave-1",
                            "public_ip_address_allocation": "Static",
                            "resource_group_name": "sparkdemo",
                            "sku": "Basic",
                            "tags.%": "4",
                            "tags.environment": "demo",
                            "tags.name": "public-ip-slave-1",
                            "tags.purpose": "public-ip-slave-1",
                            "tags.technical_owner": "devops",
                            "zones.#": "0"
                        },
                        "meta": {},
                        "tainted": false
                    },
                    "deposed": [],
                    "provider": "provider.azurerm"
                },
                "azurerm_resource_group.rg": {
                    "type": "azurerm_resource_group",
                    "depends_on": [],
                    "primary": {
                        "id": "/subscriptions/bfc354ee-7eef-4a2c-9455-958c92cbef48/resourceGroups/sparkdemo",
                        "attributes": {
                            "id": "/subscriptions/bfc354ee-7eef-4a2c-9455-958c92cbef48/resourceGroups/sparkdemo",
                            "location": "southcentralus",
                            "name": "sparkdemo",
                            "tags.%": "4",
                            "tags.environment": "demo",
                            "tags.name": "sparkdemo",
                            "tags.purpose": "sparkdemo",
                            "tags.technical_owner": "devops"
                        },
                        "meta": {},
                        "tainted": false
                    },
                    "deposed": [],
                    "provider": "provider.azurerm"
                },
                "azurerm_storage_account.master": {
                    "type": "azurerm_storage_account",
                    "depends_on": [
                        "azurerm_resource_group.rg"
                    ],
                    "primary": {
                        "id": "/subscriptions/bfc354ee-7eef-4a2c-9455-958c92cbef48/resourceGroups/sparkdemo/providers/Microsoft.Storage/storageAccounts/mastersparkdemo",
                        "attributes": {
                            "access_tier": "",
                            "account_encryption_source": "Microsoft.Storage",
                            "account_kind": "Storage",
                            "account_replication_type": "LRS",
                            "account_tier": "Standard",
                            "account_type": "Standard_LRS",
                            "enable_blob_encryption": "true",
                            "enable_file_encryption": "true",
                            "enable_https_traffic_only": "false",
                            "id": "/subscriptions/bfc354ee-7eef-4a2c-9455-958c92cbef48/resourceGroups/sparkdemo/providers/Microsoft.Storage/storageAccounts/mastersparkdemo",
                            "identity.#": "0",
                            "is_hns_enabled": "false",
                            "location": "southcentralus",
                            "name": "mastersparkdemo",
                            "network_rules.#": "0",
                            "primary_access_key": "bets0f/xXfsEsn9wqK5GVewSRUxaSc5ctg8KlExp8sTWND3C4HH+tEZFalieISMVV2zh9OVkAJToTh1xxu+Rgg==",
                            "primary_blob_connection_string": "DefaultEndpointsProtocol=https;BlobEndpoint=https://mastersparkdemo.blob.core.windows.net/;AccountName=mastersparkdemo;AccountKey=bets0f/xXfsEsn9wqK5GVewSRUxaSc5ctg8KlExp8sTWND3C4HH+tEZFalieISMVV2zh9OVkAJToTh1xxu+Rgg==",
                            "primary_blob_endpoint": "https://mastersparkdemo.blob.core.windows.net/",
                            "primary_blob_host": "mastersparkdemo.blob.core.windows.net",
                            "primary_connection_string": "DefaultEndpointsProtocol=https;AccountName=mastersparkdemo;AccountKey=bets0f/xXfsEsn9wqK5GVewSRUxaSc5ctg8KlExp8sTWND3C4HH+tEZFalieISMVV2zh9OVkAJToTh1xxu+Rgg==;EndpointSuffix=core.windows.net",
                            "primary_dfs_endpoint": "",
                            "primary_dfs_host": "",
                            "primary_file_endpoint": "https://mastersparkdemo.file.core.windows.net/",
                            "primary_file_host": "mastersparkdemo.file.core.windows.net",
                            "primary_location": "southcentralus",
                            "primary_queue_endpoint": "https://mastersparkdemo.queue.core.windows.net/",
                            "primary_queue_host": "mastersparkdemo.queue.core.windows.net",
                            "primary_table_endpoint": "https://mastersparkdemo.table.core.windows.net/",
                            "primary_table_host": "mastersparkdemo.table.core.windows.net",
                            "primary_web_endpoint": "",
                            "primary_web_host": "",
                            "resource_group_name": "sparkdemo",
                            "secondary_access_key": "Uu3nep1btSifqLic/Ycn4SsSppssBYGYKwMSQ5zzrnEFsnVsYXIa3qiMNxwK8RBPZLGlHCBGedHX3wtg2IlgyQ==",
                            "secondary_blob_connection_string": "",
                            "secondary_connection_string": "DefaultEndpointsProtocol=https;AccountName=mastersparkdemo;AccountKey=Uu3nep1btSifqLic/Ycn4SsSppssBYGYKwMSQ5zzrnEFsnVsYXIa3qiMNxwK8RBPZLGlHCBGedHX3wtg2IlgyQ==;EndpointSuffix=core.windows.net",
                            "secondary_location": "",
                            "tags.%": "4",
                            "tags.environment": "demo",
                            "tags.name": "mastersparkdemo",
                            "tags.purpose": "mastersparkdemo",
                            "tags.technical_owner": "devops"
                        },
                        "meta": {
                            "schema_version": "2"
                        },
                        "tainted": false
                    },
                    "deposed": [],
                    "provider": "provider.azurerm"
                },
                "azurerm_storage_account.slave.0": {
                    "type": "azurerm_storage_account",
                    "depends_on": [
                        "azurerm_resource_group.rg"
                    ],
                    "primary": {
                        "id": "/subscriptions/bfc354ee-7eef-4a2c-9455-958c92cbef48/resourceGroups/sparkdemo/providers/Microsoft.Storage/storageAccounts/slavesparkdemo0",
                        "attributes": {
                            "access_tier": "",
                            "account_encryption_source": "Microsoft.Storage",
                            "account_kind": "Storage",
                            "account_replication_type": "LRS",
                            "account_tier": "Standard",
                            "account_type": "Standard_LRS",
                            "enable_blob_encryption": "true",
                            "enable_file_encryption": "true",
                            "enable_https_traffic_only": "false",
                            "id": "/subscriptions/bfc354ee-7eef-4a2c-9455-958c92cbef48/resourceGroups/sparkdemo/providers/Microsoft.Storage/storageAccounts/slavesparkdemo0",
                            "identity.#": "0",
                            "is_hns_enabled": "false",
                            "location": "southcentralus",
                            "name": "slavesparkdemo0",
                            "network_rules.#": "0",
                            "primary_access_key": "1YNGeY8JZXfhQnUGsRKjQQl5fGJ9scN0aRK+IZ+dPJcjMWzzI1jwbZxKHbWqjswRehvz8dI0YxuxK+iHhl0q2A==",
                            "primary_blob_connection_string": "DefaultEndpointsProtocol=https;BlobEndpoint=https://slavesparkdemo0.blob.core.windows.net/;AccountName=slavesparkdemo0;AccountKey=1YNGeY8JZXfhQnUGsRKjQQl5fGJ9scN0aRK+IZ+dPJcjMWzzI1jwbZxKHbWqjswRehvz8dI0YxuxK+iHhl0q2A==",
                            "primary_blob_endpoint": "https://slavesparkdemo0.blob.core.windows.net/",
                            "primary_blob_host": "slavesparkdemo0.blob.core.windows.net",
                            "primary_connection_string": "DefaultEndpointsProtocol=https;AccountName=slavesparkdemo0;AccountKey=1YNGeY8JZXfhQnUGsRKjQQl5fGJ9scN0aRK+IZ+dPJcjMWzzI1jwbZxKHbWqjswRehvz8dI0YxuxK+iHhl0q2A==;EndpointSuffix=core.windows.net",
                            "primary_dfs_endpoint": "",
                            "primary_dfs_host": "",
                            "primary_file_endpoint": "https://slavesparkdemo0.file.core.windows.net/",
                            "primary_file_host": "slavesparkdemo0.file.core.windows.net",
                            "primary_location": "southcentralus",
                            "primary_queue_endpoint": "https://slavesparkdemo0.queue.core.windows.net/",
                            "primary_queue_host": "slavesparkdemo0.queue.core.windows.net",
                            "primary_table_endpoint": "https://slavesparkdemo0.table.core.windows.net/",
                            "primary_table_host": "slavesparkdemo0.table.core.windows.net",
                            "primary_web_endpoint": "",
                            "primary_web_host": "",
                            "resource_group_name": "sparkdemo",
                            "secondary_access_key": "LaHyP36v7rT4/rW0RdvIhVIn4bSh5sg9P1OAN/we6N8YQIt2bcdcikX6KBBn8avq5+rJpiUR1DvrV7YtR6RnQw==",
                            "secondary_blob_connection_string": "",
                            "secondary_connection_string": "DefaultEndpointsProtocol=https;AccountName=slavesparkdemo0;AccountKey=LaHyP36v7rT4/rW0RdvIhVIn4bSh5sg9P1OAN/we6N8YQIt2bcdcikX6KBBn8avq5+rJpiUR1DvrV7YtR6RnQw==;EndpointSuffix=core.windows.net",
                            "secondary_location": "",
                            "tags.%": "4",
                            "tags.environment": "demo",
                            "tags.name": "slavesparkdemo0",
                            "tags.purpose": "slavesparkdemo0",
                            "tags.technical_owner": "devops"
                        },
                        "meta": {
                            "schema_version": "2"
                        },
                        "tainted": false
                    },
                    "deposed": [],
                    "provider": "provider.azurerm"
                },
                "azurerm_storage_account.slave.1": {
                    "type": "azurerm_storage_account",
                    "depends_on": [
                        "azurerm_resource_group.rg"
                    ],
                    "primary": {
                        "id": "/subscriptions/bfc354ee-7eef-4a2c-9455-958c92cbef48/resourceGroups/sparkdemo/providers/Microsoft.Storage/storageAccounts/slavesparkdemo1",
                        "attributes": {
                            "access_tier": "",
                            "account_encryption_source": "Microsoft.Storage",
                            "account_kind": "Storage",
                            "account_replication_type": "LRS",
                            "account_tier": "Standard",
                            "account_type": "Standard_LRS",
                            "enable_blob_encryption": "true",
                            "enable_file_encryption": "true",
                            "enable_https_traffic_only": "false",
                            "id": "/subscriptions/bfc354ee-7eef-4a2c-9455-958c92cbef48/resourceGroups/sparkdemo/providers/Microsoft.Storage/storageAccounts/slavesparkdemo1",
                            "identity.#": "0",
                            "is_hns_enabled": "false",
                            "location": "southcentralus",
                            "name": "slavesparkdemo1",
                            "network_rules.#": "0",
                            "primary_access_key": "uWwTihf29zLPbe9EbcCqy+f1tInNZkcOr9OBKdQ3FLZdil9Kv+EDtioYB4aQfKm4QeNVgSwiWCveYDKjYYDPtA==",
                            "primary_blob_connection_string": "DefaultEndpointsProtocol=https;BlobEndpoint=https://slavesparkdemo1.blob.core.windows.net/;AccountName=slavesparkdemo1;AccountKey=uWwTihf29zLPbe9EbcCqy+f1tInNZkcOr9OBKdQ3FLZdil9Kv+EDtioYB4aQfKm4QeNVgSwiWCveYDKjYYDPtA==",
                            "primary_blob_endpoint": "https://slavesparkdemo1.blob.core.windows.net/",
                            "primary_blob_host": "slavesparkdemo1.blob.core.windows.net",
                            "primary_connection_string": "DefaultEndpointsProtocol=https;AccountName=slavesparkdemo1;AccountKey=uWwTihf29zLPbe9EbcCqy+f1tInNZkcOr9OBKdQ3FLZdil9Kv+EDtioYB4aQfKm4QeNVgSwiWCveYDKjYYDPtA==;EndpointSuffix=core.windows.net",
                            "primary_dfs_endpoint": "",
                            "primary_dfs_host": "",
                            "primary_file_endpoint": "https://slavesparkdemo1.file.core.windows.net/",
                            "primary_file_host": "slavesparkdemo1.file.core.windows.net",
                            "primary_location": "southcentralus",
                            "primary_queue_endpoint": "https://slavesparkdemo1.queue.core.windows.net/",
                            "primary_queue_host": "slavesparkdemo1.queue.core.windows.net",
                            "primary_table_endpoint": "https://slavesparkdemo1.table.core.windows.net/",
                            "primary_table_host": "slavesparkdemo1.table.core.windows.net",
                            "primary_web_endpoint": "",
                            "primary_web_host": "",
                            "resource_group_name": "sparkdemo",
                            "secondary_access_key": "zl68VgHLoXhHil/nsUIjBzCmvbXEqd5PI1TMWh6g1CiYTwt3ZufsExekMdFJKtroHmK9LFnbwgT8kipDehAVAQ==",
                            "secondary_blob_connection_string": "",
                            "secondary_connection_string": "DefaultEndpointsProtocol=https;AccountName=slavesparkdemo1;AccountKey=zl68VgHLoXhHil/nsUIjBzCmvbXEqd5PI1TMWh6g1CiYTwt3ZufsExekMdFJKtroHmK9LFnbwgT8kipDehAVAQ==;EndpointSuffix=core.windows.net",
                            "secondary_location": "",
                            "tags.%": "4",
                            "tags.environment": "demo",
                            "tags.name": "slavesparkdemo1",
                            "tags.purpose": "slavesparkdemo1",
                            "tags.technical_owner": "devops"
                        },
                        "meta": {
                            "schema_version": "2"
                        },
                        "tainted": false
                    },
                    "deposed": [],
                    "provider": "provider.azurerm"
                },
                "azurerm_storage_container.master": {
                    "type": "azurerm_storage_container",
                    "depends_on": [
                        "azurerm_resource_group.rg",
                        "azurerm_storage_account.master"
                    ],
                    "primary": {
                        "id": "https://mastersparkdemo.blob.core.windows.net/vhds",
                        "attributes": {
                            "container_access_type": "private",
                            "id": "https://mastersparkdemo.blob.core.windows.net/vhds",
                            "name": "vhds",
                            "properties.%": "4",
                            "properties.last_modified": "Thu, 04 Jul 2019 20:23:23 GMT",
                            "properties.lease_duration": "",
                            "properties.lease_state": "available",
                            "properties.lease_status": "unlocked",
                            "resource_group_name": "sparkdemo",
                            "storage_account_name": "mastersparkdemo"
                        },
                        "meta": {
                            "schema_version": "1"
                        },
                        "tainted": false
                    },
                    "deposed": [],
                    "provider": "provider.azurerm"
                },
                "azurerm_storage_container.slave": {
                    "type": "azurerm_storage_container",
                    "depends_on": [
                        "azurerm_resource_group.rg",
                        "azurerm_storage_account.slave",
                        "azurerm_storage_account.slave.*"
                    ],
                    "primary": {
                        "id": "https://slavesparkdemo0.blob.core.windows.net/vhds0",
                        "attributes": {
                            "container_access_type": "private",
                            "id": "https://slavesparkdemo0.blob.core.windows.net/vhds0",
                            "name": "vhds0",
                            "properties.%": "4",
                            "properties.last_modified": "Thu, 04 Jul 2019 20:23:24 GMT",
                            "properties.lease_duration": "",
                            "properties.lease_state": "available",
                            "properties.lease_status": "unlocked",
                            "resource_group_name": "sparkdemo",
                            "storage_account_name": "slavesparkdemo0"
                        },
                        "meta": {
                            "schema_version": "1"
                        },
                        "tainted": false
                    },
                    "deposed": [],
                    "provider": "provider.azurerm"
                },
                "azurerm_subnet.master": {
                    "type": "azurerm_subnet",
                    "depends_on": [
                        "azurerm_network_security_group.master",
                        "azurerm_resource_group.rg",
                        "azurerm_virtual_network.spark"
                    ],
                    "primary": {
                        "id": "/subscriptions/bfc354ee-7eef-4a2c-9455-958c92cbef48/resourceGroups/sparkdemo/providers/Microsoft.Network/virtualNetworks/vnet-spark/subnets/sparkmaster",
                        "attributes": {
                            "address_prefix": "10.0.0.0/24",
                            "delegation.#": "0",
                            "id": "/subscriptions/bfc354ee-7eef-4a2c-9455-958c92cbef48/resourceGroups/sparkdemo/providers/Microsoft.Network/virtualNetworks/vnet-spark/subnets/sparkmaster",
                            "ip_configurations.#": "0",
                            "name": "sparkmaster",
                            "network_security_group_id": "/subscriptions/bfc354ee-7eef-4a2c-9455-958c92cbef48/resourceGroups/sparkdemo/providers/Microsoft.Network/networkSecurityGroups/nsg-spark-master",
                            "resource_group_name": "sparkdemo",
                            "route_table_id": "",
                            "service_endpoints.#": "0",
                            "virtual_network_name": "vnet-spark"
                        },
                        "meta": {},
                        "tainted": false
                    },
                    "deposed": [],
                    "provider": "provider.azurerm"
                },
                "azurerm_subnet.slave": {
                    "type": "azurerm_subnet",
                    "depends_on": [
                        "azurerm_resource_group.rg",
                        "azurerm_virtual_network.spark"
                    ],
                    "primary": {
                        "id": "/subscriptions/bfc354ee-7eef-4a2c-9455-958c92cbef48/resourceGroups/sparkdemo/providers/Microsoft.Network/virtualNetworks/vnet-spark/subnets/sparkslaves",
                        "attributes": {
                            "address_prefix": "10.0.1.0/24",
                            "delegation.#": "0",
                            "id": "/subscriptions/bfc354ee-7eef-4a2c-9455-958c92cbef48/resourceGroups/sparkdemo/providers/Microsoft.Network/virtualNetworks/vnet-spark/subnets/sparkslaves",
                            "ip_configurations.#": "0",
                            "name": "sparkslaves",
                            "network_security_group_id": "",
                            "resource_group_name": "sparkdemo",
                            "route_table_id": "",
                            "service_endpoints.#": "0",
                            "virtual_network_name": "vnet-spark"
                        },
                        "meta": {},
                        "tainted": false
                    },
                    "deposed": [],
                    "provider": "provider.azurerm"
                },
                "azurerm_virtual_machine.master": {
                    "type": "azurerm_virtual_machine",
                    "depends_on": [
                        "azurerm_network_interface.master",
                        "azurerm_public_ip.master",
                        "azurerm_resource_group.rg",
                        "azurerm_storage_account.master",
                        "azurerm_storage_container.master"
                    ],
                    "primary": {
                        "id": "/subscriptions/bfc354ee-7eef-4a2c-9455-958c92cbef48/resourceGroups/sparkdemo/providers/Microsoft.Compute/virtualMachines/spark-master",
                        "attributes": {
                            "delete_data_disks_on_termination": "false",
                            "delete_os_disk_on_termination": "false",
                            "id": "/subscriptions/bfc354ee-7eef-4a2c-9455-958c92cbef48/resourceGroups/sparkdemo/providers/Microsoft.Compute/virtualMachines/spark-master",
                            "identity.#": "0",
                            "location": "southcentralus",
                            "name": "spark-master",
                            "network_interface_ids.#": "1",
                            "network_interface_ids.0": "/subscriptions/bfc354ee-7eef-4a2c-9455-958c92cbef48/resourceGroups/sparkdemo/providers/Microsoft.Network/networkInterfaces/nic-master",
                            "os_profile.#": "1",
                            "os_profile.3315668581.admin_password": "",
                            "os_profile.3315668581.admin_username": "sparkuser",
                            "os_profile.3315668581.computer_name": "spark-master",
                            "os_profile.3315668581.custom_data": "",
                            "os_profile_linux_config.#": "1",
                            "os_profile_linux_config.69840937.disable_password_authentication": "true",
                            "os_profile_linux_config.69840937.ssh_keys.#": "1",
                            "os_profile_linux_config.69840937.ssh_keys.0.key_data": "ssh-rsa AAAAB3NzaC1yc2EAAAADAQABAAABAQDAI6lZGMXfpwcYvqsbv9aNfMG6SsZrLwy7hB7iC2HciFJcDVl3QY+BQ7buOkYQt1EyJ/dnPQkRf7HHvThuXIX4J452WUsydsKjYdmLIYoW/ostS+Itrz94l8Ll6Ij1TqHrIqazKVEYc7v4Xe8o/NqvMyvmOj08QmeMjQ8+z9OAFgrJ6rHLVZxEXLz0+GIwPEKBHXniHYyClHjW0vV4unKQHEC/Oz4bBIBkZFpjOgbJkv3iyRXI+TEgjCFo5yZrWcQ4jbRowDjY5duWO7j36DVOnYAW1ZcroRZgIcld6QX1wE/TdwXSdsnhL6vhLy7B5ESC6o13P6bRdQxmsplRbnyd Dereck@dereck-pc\n",
                            "os_profile_linux_config.69840937.ssh_keys.0.path": "/home/sparkuser/.ssh/authorized_keys",
                            "os_profile_secrets.#": "0",
                            "os_profile_windows_config.#": "0",
                            "plan.#": "0",
                            "resource_group_name": "sparkdemo",
                            "storage_data_disk.#": "0",
                            "storage_image_reference.#": "1",
                            "storage_image_reference.1458860473.id": "",
                            "storage_image_reference.1458860473.offer": "UbuntuServer",
                            "storage_image_reference.1458860473.publisher": "Canonical",
                            "storage_image_reference.1458860473.sku": "16.04-LTS",
                            "storage_image_reference.1458860473.version": "latest",
                            "storage_os_disk.#": "1",
                            "storage_os_disk.0.caching": "ReadWrite",
                            "storage_os_disk.0.create_option": "FromImage",
                            "storage_os_disk.0.disk_size_gb": "30",
                            "storage_os_disk.0.image_uri": "",
                            "storage_os_disk.0.managed_disk_id": "",
                            "storage_os_disk.0.managed_disk_type": "",
                            "storage_os_disk.0.name": "vmMasterOSDisk",
                            "storage_os_disk.0.os_type": "Linux",
                            "storage_os_disk.0.vhd_uri": "http://mastersparkdemo.blob.core.windows.net/vhds/vmMasterOSDisk.vhd",
                            "storage_os_disk.0.write_accelerator_enabled": "false",
                            "tags.%": "0",
                            "vm_size": "Standard_D1_v2",
                            "zones.#": "0"
                        },
                        "meta": {},
                        "tainted": true
                    },
                    "deposed": [],
                    "provider": "provider.azurerm"
                },
                "azurerm_virtual_network.spark": {
                    "type": "azurerm_virtual_network",
                    "depends_on": [
                        "azurerm_resource_group.rg"
                    ],
                    "primary": {
                        "id": "/subscriptions/bfc354ee-7eef-4a2c-9455-958c92cbef48/resourceGroups/sparkdemo/providers/Microsoft.Network/virtualNetworks/vnet-spark",
                        "attributes": {
                            "address_space.#": "1",
                            "address_space.0": "10.0.0.0/16",
                            "ddos_protection_plan.#": "0",
                            "dns_servers.#": "0",
                            "id": "/subscriptions/bfc354ee-7eef-4a2c-9455-958c92cbef48/resourceGroups/sparkdemo/providers/Microsoft.Network/virtualNetworks/vnet-spark",
                            "location": "southcentralus",
                            "name": "vnet-spark",
                            "resource_group_name": "sparkdemo",
                            "subnet.#": "0",
                            "tags.%": "4",
                            "tags.environment": "demo",
                            "tags.name": "vnet-spark",
                            "tags.purpose": "vnet-spark",
                            "tags.technical_owner": "devops"
                        },
                        "meta": {},
                        "tainted": false
                    },
                    "deposed": [],
                    "provider": "provider.azurerm"
                },
                "data.template_file.spark_hosts": {
                    "type": "template_file",
                    "depends_on": [
                        "azurerm_network_security_group.master",
                        "azurerm_network_security_group.slave",
                        "azurerm_public_ip.master",
                        "azurerm_public_ip.slave",
                        "azurerm_public_ip.slave.*",
                        "azurerm_virtual_network.spark"
                    ],
                    "primary": {
                        "id": "9918c472b685985af029ac5f88254c58151f76c37f4104d3999fefc3493acc56",
                        "attributes": {
                            "id": "9918c472b685985af029ac5f88254c58151f76c37f4104d3999fefc3493acc56",
                            "rendered": "[spark_masters]\n13.65.43.196\n\n[spark_slaves]\n40.74.226.177\n13.65.42.220\n",
                            "template": "[spark_masters]\n${ip_master}\n\n[spark_slaves]\n${ip_slave}\n",
                            "vars.%": "2",
                            "vars.ip_master": "13.65.43.196",
                            "vars.ip_slave": "40.74.226.177\n13.65.42.220"
                        },
                        "meta": {},
                        "tainted": false
                    },
                    "deposed": [],
                    "provider": "provider.template"
                },
                "null_resource.spark-hosts": {
                    "type": "null_resource",
                    "depends_on": [
                        "data.template_file.spark_hosts"
                    ],
                    "primary": {
                        "id": "931292369478353510",
                        "attributes": {
                            "id": "931292369478353510",
                            "triggers.%": "1",
                            "triggers.template_rendered": "[spark_masters]\n13.65.43.196\n\n[spark_slaves]\n40.74.226.177\n13.65.42.220\n"
                        },
                        "meta": {},
                        "tainted": false
                    },
                    "deposed": [],
                    "provider": "provider.null"
                }
            },
            "depends_on": []
        }
    ]
}
